
Microsoft Visual Studio Solution File, Format Version 12.00
# Visual Studio Version 16
VisualStudioVersion = 16.0.29230.47
MinimumVisualStudioVersion = 10.0.40219.1
Project("{FAE04EC0-301F-11D3-BF4B-00C04F79EFBC}") = "DatabaseMigrateExt", "Src\DatabaseMigrateExt\DatabaseMigrateExt.csproj", "{5573E2B7-A629-47B0-AD6A-39233CC3C289}"
EndProject
Project("{2150E333-8FDC-42A3-9474-1A3956D46DE8}") = "Samples", "Samples", "{E1E4B28F-54C5-4C6C-9641-F6926FA7896F}"
EndProject
Project("{2150E333-8FDC-42A3-9474-1A3956D46DE8}") = "Solution Items", "Solution Items", "{849F76E0-F520-485F-9CE4-9914808EEE3A}"
	ProjectSection(SolutionItems) = preProject
		README.md = README.md
	EndProjectSection
EndProject
Project("{FAE04EC0-301F-11D3-BF4B-00C04F79EFBC}") = "DatabaseMigrateRunner", "Samples\DatabaseMigrateRunner\DatabaseMigrateRunner.csproj", "{69079B8B-3D35-499E-AC67-F8F0D75FD58B}"
EndProject
Global
	GlobalSection(SolutionConfigurationPlatforms) = preSolution
		Debug|Any CPU = Debug|Any CPU
		Release|Any CPU = Release|Any CPU
	EndGlobalSection
	GlobalSection(ProjectConfigurationPlatforms) = postSolution
		{5573E2B7-A629-47B0-AD6A-39233CC3C289}.Debug|Any CPU.ActiveCfg = Debug|Any CPU
		{5573E2B7-A629-47B0-AD6A-39233CC3C289}.Debug|Any CPU.Build.0 = Debug|Any CPU
		{5573E2B7-A629-47B0-AD6A-39233CC3C289}.Release|Any CPU.ActiveCfg = Release|Any CPU
		{5573E2B7-A629-47B0-AD6A-39233CC3C289}.Release|Any CPU.Build.0 = Release|Any CPU
		{69079B8B-3D35-499E-AC67-F8F0D75FD58B}.Debug|Any CPU.ActiveCfg = Debug|Any CPU
		{69079B8B-3D35-499E-AC67-F8F0D75FD58B}.Debug|Any CPU.Build.0 = Debug|Any CPU
		{69079B8B-3D35-499E-AC67-F8F0D75FD58B}.Release|Any CPU.ActiveCfg = Release|Any CPU
		{69079B8B-3D35-499E-AC67-F8F0D75FD58B}.Release|Any CPU.Build.0 = Release|Any CPU
	EndGlobalSection
	GlobalSection(SolutionProperties) = preSolution
		HideSolutionNode = FALSE
	EndGlobalSection
	GlobalSection(NestedProjects) = preSolution
		{69079B8B-3D35-499E-AC67-F8F0D75FD58B} = {E1E4B28F-54C5-4C6C-9641-F6926FA7896F}
	EndGlobalSection
	GlobalSection(ExtensibilityGlobals) = postSolution
		SolutionGuid = {BFFC62F6-DBE1-4AE5-9898-149CCF76367C}
	EndGlobalSection
EndGlobal
